{
  "requires": true,
  "lockfileVersion": 1,
  "dependencies": {
    "dijkstrajs": {
      "version": "1.0.1",
      "resolved": "https://registry.npmjs.org/dijkstrajs/-/dijkstrajs-1.0.1.tgz",
      "integrity": "sha1-082BIh4+pAdCz83lVtTpnpjdxxs="
    },
    "expect.js": {
      "version": "0.3.1",
      "resolved": "https://registry.npmjs.org/expect.js/-/expect.js-0.3.1.tgz",
      "integrity": "sha1-sKWaDS7/VDdUTr8M6qYBWEHQm1s="
    },
    "ngraph.events": {
      "version": "0.0.3",
      "resolved": "https://registry.npmjs.org/ngraph.events/-/ngraph.events-0.0.3.tgz",
      "integrity": "sha1-OPVTFvPSB61jH/lPZiLKjywOh9A="
    },
    "ngraph.graph": {
      "version": "0.0.18",
      "resolved": "https://registry.npmjs.org/ngraph.graph/-/ngraph.graph-0.0.18.tgz",
      "integrity": "sha512-0Y9MkbhUadmnD9WU747ET1MBEiRMKAZ5UMavC6Zkae5fT8/ptat5bQDcM8cpdMInXyP2svQ+fxwt1L8dHYQwZw==",
      "requires": {
        "ngraph.events": "0.0.3"
      }
    }
  }
}
