{
  "requires": true,
  "lockfileVersion": 1,
  "dependencies": {
    "@fortawesome/fontawesome-free": {
      "version": "5.8.1",
      "resolved": "https://registry.npmjs.org/@fortawesome/fontawesome-free/-/fontawesome-free-5.8.1.tgz",
      "integrity": "sha512-GJtx6e55qLEOy2gPOsok2lohjpdWNGrYGtQx0FFT/++K4SYx+Z8LlPHdQBaFzKEwH5IbBB4fNgb//uyZjgYXoA=="
    },
    "bootstrap": {
      "version": "4.3.1",
      "resolved": "https://registry.npmjs.org/bootstrap/-/bootstrap-4.3.1.tgz",
      "integrity": "sha512-rXqOmH1VilAt2DyPzluTi2blhk17bO7ef+zLLPlWvG494pDxcM234pJ8wTc/6R40UWizAIIMgxjvxZg5kmsbag=="
    },
    "dijkstrajs": {
      "version": "1.0.1",
      "resolved": "https://registry.npmjs.org/dijkstrajs/-/dijkstrajs-1.0.1.tgz",
      "integrity": "sha1-082BIh4+pAdCz83lVtTpnpjdxxs="
    },
    "expect.js": {
      "version": "0.3.1",
      "resolved": "https://registry.npmjs.org/expect.js/-/expect.js-0.3.1.tgz",
      "integrity": "sha1-sKWaDS7/VDdUTr8M6qYBWEHQm1s="
    },
    "jquery": {
      "version": "3.3.1",
      "resolved": "https://registry.npmjs.org/jquery/-/jquery-3.3.1.tgz",
      "integrity": "sha512-Ubldcmxp5np52/ENotGxlLe6aGMvmF4R8S6tZjsP6Knsaxd/xp3Zrh50cG93lR6nPXyUFwzN3ZSOQI0wRJNdGg=="
    },
    "jquery.easing": {
      "version": "1.4.1",
      "resolved": "https://registry.npmjs.org/jquery.easing/-/jquery.easing-1.4.1.tgz",
      "integrity": "sha1-R5gsWDa9dY/UhJSSPEoQHvbpPjs="
    },
    "ngraph.events": {
      "version": "0.0.3",
      "resolved": "https://registry.npmjs.org/ngraph.events/-/ngraph.events-0.0.3.tgz",
      "integrity": "sha1-OPVTFvPSB61jH/lPZiLKjywOh9A="
    },
    "ngraph.graph": {
      "version": "0.0.18",
      "resolved": "https://registry.npmjs.org/ngraph.graph/-/ngraph.graph-0.0.18.tgz",
      "integrity": "sha512-0Y9MkbhUadmnD9WU747ET1MBEiRMKAZ5UMavC6Zkae5fT8/ptat5bQDcM8cpdMInXyP2svQ+fxwt1L8dHYQwZw==",
      "requires": {
        "ngraph.events": "0.0.3"
      }
    },
    "simple-line-icons": {
      "version": "2.4.1",
      "resolved": "https://registry.npmjs.org/simple-line-icons/-/simple-line-icons-2.4.1.tgz",
      "integrity": "sha1-t1vFoNh+UwkowszaVzUnS7JW8jQ="
    },
    "startbootstrap-full-width-pics": {
      "version": "4.1.2",
      "resolved": "https://registry.npmjs.org/startbootstrap-full-width-pics/-/startbootstrap-full-width-pics-4.1.2.tgz",
      "integrity": "sha512-ma4eTx2YKVDuFOyqKzno7nWxAZDPvhw0tIp8XBMp/HSdxdwoVaJwtfC4DMxYD37bD8htXmcsXP1a0inBEYqGOw==",
      "requires": {
        "bootstrap": "4.2.1",
        "jquery": "3.3.1"
      },
      "dependencies": {
        "bootstrap": {
          "version": "4.2.1",
          "resolved": "https://registry.npmjs.org/bootstrap/-/bootstrap-4.2.1.tgz",
          "integrity": "sha512-tt/7vIv3Gm2mnd/WeDx36nfGGHleil0Wg8IeB7eMrVkY0fZ5iTaBisSh8oNANc2IBsCc6vCgCNTIM/IEN0+50Q=="
        }
      }
    }
  }
}
